// !$*UTF8*$!
{
	archiveVersion = 1;
	classes = {
	};
	objectVersion = 46;
	objects = {

/* Begin PBXBuildFile section */
		3FB15ED9DFB7100BCCC3D2D7 /* libPods-ESCategory.a in Frameworks */ = {isa = PBXBuildFile; fileRef = 0E918E5499CFDEC778993849 /* libPods-ESCategory.a */; };
		970FD7791F6BAE930010E1BD /* NSNumber+ESFormat.m in Sources */ = {isa = PBXBuildFile; fileRef = 970FD7781F6BAE930010E1BD /* NSNumber+ESFormat.m */; };
		974F22901FCBF6AA00968A13 /* UIView+ESBitmap.m in Sources */ = {isa = PBXBuildFile; fileRef = 974F228F1FCBF6AA00968A13 /* UIView+ESBitmap.m */; };
		9786BFA41F8C7826007DA398 /* NSString+ESEmoji.m in Sources */ = {isa = PBXBuildFile; fileRef = 9786BFA31F8C7826007DA398 /* NSString+ESEmoji.m */; };
		9788F12C1F260D9A00F25625 /* UIView+ESHud.m in Sources */ = {isa = PBXBuildFile; fileRef = 9788F12B1F260D9A00F25625 /* UIView+ESHud.m */; };
		979B44291F25D3750043DFDA /* main.m in Sources */ = {isa = PBXBuildFile; fileRef = 979B44281F25D3750043DFDA /* main.m */; };
		979B442C1F25D3750043DFDA /* AppDelegate.m in Sources */ = {isa = PBXBuildFile; fileRef = 979B442B1F25D3750043DFDA /* AppDelegate.m */; };
		979B442F1F25D3750043DFDA /* ViewController.m in Sources */ = {isa = PBXBuildFile; fileRef = 979B442E1F25D3750043DFDA /* ViewController.m */; };
		979B44321F25D3750043DFDA /* Main.storyboard in Resources */ = {isa = PBXBuildFile; fileRef = 979B44301F25D3750043DFDA /* Main.storyboard */; };
		979B44341F25D3750043DFDA /* Assets.xcassets in Resources */ = {isa = PBXBuildFile; fileRef = 979B44331F25D3750043DFDA /* Assets.xcassets */; };
		979B44371F25D3750043DFDA /* LaunchScreen.storyboard in Resources */ = {isa = PBXBuildFile; fileRef = 979B44351F25D3750043DFDA /* LaunchScreen.storyboard */; };
		979B44411F25D3A00043DFDA /* NSArray+ESJson.m in Sources */ = {isa = PBXBuildFile; fileRef = 979B44401F25D3A00043DFDA /* NSArray+ESJson.m */; };
		979B44C01F25E1CF0043DFDA /* NSAttributedString+ESGenerate.m in Sources */ = {isa = PBXBuildFile; fileRef = 979B44BF1F25E1CF0043DFDA /* NSAttributedString+ESGenerate.m */; };
		979B44C41F25E3520043DFDA /* UIColor+ESGenerate.m in Sources */ = {isa = PBXBuildFile; fileRef = 979B44C31F25E3520043DFDA /* UIColor+ESGenerate.m */; };
		979B44C81F25E47E0043DFDA /* NSDate+ESComponent.m in Sources */ = {isa = PBXBuildFile; fileRef = 979B44C71F25E47E0043DFDA /* NSDate+ESComponent.m */; };
		979B44CB1F25E4940043DFDA /* NSDate+ESFormat.m in Sources */ = {isa = PBXBuildFile; fileRef = 979B44CA1F25E4940043DFDA /* NSDate+ESFormat.m */; };
		979B44CE1F25E4A80043DFDA /* NSDate+ESFunction.m in Sources */ = {isa = PBXBuildFile; fileRef = 979B44CD1F25E4A80043DFDA /* NSDate+ESFunction.m */; };
		979B44D21F25E6C20043DFDA /* NSData+ESConversion.m in Sources */ = {isa = PBXBuildFile; fileRef = 979B44D11F25E6C20043DFDA /* NSData+ESConversion.m */; };
		979B44D61F25E80F0043DFDA /* NSDictionary+ESJson.m in Sources */ = {isa = PBXBuildFile; fileRef = 979B44D51F25E80F0043DFDA /* NSDictionary+ESJson.m */; };
		979B44DA1F25E9060043DFDA /* UIView+ESFrame.m in Sources */ = {isa = PBXBuildFile; fileRef = 979B44D91F25E9060043DFDA /* UIView+ESFrame.m */; };
		979B44DE1F25E9A70043DFDA /* UINavigationController+ESNavigationBar.m in Sources */ = {isa = PBXBuildFile; fileRef = 979B44DD1F25E9A70043DFDA /* UINavigationController+ESNavigationBar.m */; };
		979B44E21F25EA280043DFDA /* UIImage+ESBitmap.m in Sources */ = {isa = PBXBuildFile; fileRef = 979B44E11F25EA280043DFDA /* UIImage+ESBitmap.m */; };
		979B44E61F25EAA30043DFDA /* NSString+ESSize.m in Sources */ = {isa = PBXBuildFile; fileRef = 979B44E51F25EAA30043DFDA /* NSString+ESSize.m */; };
		979B44E91F25EBC60043DFDA /* NSString+ESFormat.m in Sources */ = {isa = PBXBuildFile; fileRef = 979B44E81F25EBC60043DFDA /* NSString+ESFormat.m */; };
		979B44ED1F25EC490043DFDA /* UIDevice+ESInfo.m in Sources */ = {isa = PBXBuildFile; fileRef = 979B44EC1F25EC490043DFDA /* UIDevice+ESInfo.m */; };
		979B44F11F25ECC50043DFDA /* UITextField+ESProperty.m in Sources */ = {isa = PBXBuildFile; fileRef = 979B44F01F25ECC50043DFDA /* UITextField+ESProperty.m */; };
		979B44F51F25ED390043DFDA /* NSBundle+ESApplication.m in Sources */ = {isa = PBXBuildFile; fileRef = 979B44F41F25ED390043DFDA /* NSBundle+ESApplication.m */; };
		979B44F91F25ED910043DFDA /* NSUserDefaults+ESStorage.m in Sources */ = {isa = PBXBuildFile; fileRef = 979B44F81F25ED910043DFDA /* NSUserDefaults+ESStorage.m */; };
		979B44FD1F25EE110043DFDA /* UIApplication+ESFunction.m in Sources */ = {isa = PBXBuildFile; fileRef = 979B44FC1F25EE110043DFDA /* UIApplication+ESFunction.m */; };
		979B45041F25F9B70043DFDA /* UIScreen+ESSize.m in Sources */ = {isa = PBXBuildFile; fileRef = 979B45031F25F9B70043DFDA /* UIScreen+ESSize.m */; };
		97B514ED1F684D6C0052769A /* UINavigationController+ESViewController.m in Sources */ = {isa = PBXBuildFile; fileRef = 97B514EC1F684D6C0052769A /* UINavigationController+ESViewController.m */; };
/* End PBXBuildFile section */

/* Begin PBXFileReference section */
		0E918E5499CFDEC778993849 /* libPods-ESCategory.a */ = {isa = PBXFileReference; explicitFileType = archive.ar; includeInIndex = 0; path = "libPods-ESCategory.a"; sourceTree = BUILT_PRODUCTS_DIR; };
		0FAAD4470A3341FF63900315 /* Pods-ESCategory.release.xcconfig */ = {isa = PBXFileReference; includeInIndex = 1; lastKnownFileType = text.xcconfig; name = "Pods-ESCategory.release.xcconfig"; path = "Pods/Target Support Files/Pods-ESCategory/Pods-ESCategory.release.xcconfig"; sourceTree = "<group>"; };
		287278AB37B39F044EDDF1A1 /* Pods-ESCategory.debug.xcconfig */ = {isa = PBXFileReference; includeInIndex = 1; lastKnownFileType = text.xcconfig; name = "Pods-ESCategory.debug.xcconfig"; path = "Pods/Target Support Files/Pods-ESCategory/Pods-ESCategory.debug.xcconfig"; sourceTree = "<group>"; };
		970FD7771F6BAE930010E1BD /* NSNumber+ESFormat.h */ = {isa = PBXFileReference; fileEncoding = 4; lastKnownFileType = sourcecode.c.h; path = "NSNumber+ESFormat.h"; sourceTree = "<group>"; };
		970FD7781F6BAE930010E1BD /* NSNumber+ESFormat.m */ = {isa = PBXFileReference; fileEncoding = 4; lastKnownFileType = sourcecode.c.objc; path = "NSNumber+ESFormat.m"; sourceTree = "<group>"; };
		974F228E1FCBF6AA00968A13 /* UIView+ESBitmap.h */ = {isa = PBXFileReference; lastKnownFileType = sourcecode.c.h; path = "UIView+ESBitmap.h"; sourceTree = "<group>"; };
		974F228F1FCBF6AA00968A13 /* UIView+ESBitmap.m */ = {isa = PBXFileReference; lastKnownFileType = sourcecode.c.objc; path = "UIView+ESBitmap.m"; sourceTree = "<group>"; };
		9786BFA21F8C7826007DA398 /* NSString+ESEmoji.h */ = {isa = PBXFileReference; lastKnownFileType = sourcecode.c.h; path = "NSString+ESEmoji.h"; sourceTree = "<group>"; };
		9786BFA31F8C7826007DA398 /* NSString+ESEmoji.m */ = {isa = PBXFileReference; lastKnownFileType = sourcecode.c.objc; path = "NSString+ESEmoji.m"; sourceTree = "<group>"; };
		9788F12A1F260D9A00F25625 /* UIView+ESHud.h */ = {isa = PBXFileReference; fileEncoding = 4; lastKnownFileType = sourcecode.c.h; path = "UIView+ESHud.h"; sourceTree = "<group>"; };
		9788F12B1F260D9A00F25625 /* UIView+ESHud.m */ = {isa = PBXFileReference; fileEncoding = 4; lastKnownFileType = sourcecode.c.objc; path = "UIView+ESHud.m"; sourceTree = "<group>"; };
		979B44241F25D3750043DFDA /* ESCategory.app */ = {isa = PBXFileReference; explicitFileType = wrapper.application; includeInIndex = 0; path = ESCategory.app; sourceTree = BUILT_PRODUCTS_DIR; };
		979B44281F25D3750043DFDA /* main.m */ = {isa = PBXFileReference; lastKnownFileType = sourcecode.c.objc; path = main.m; sourceTree = "<group>"; };
		979B442A1F25D3750043DFDA /* AppDelegate.h */ = {isa = PBXFileReference; lastKnownFileType = sourcecode.c.h; path = AppDelegate.h; sourceTree = "<group>"; };
		979B442B1F25D3750043DFDA /* AppDelegate.m */ = {isa = PBXFileReference; lastKnownFileType = sourcecode.c.objc; path = AppDelegate.m; sourceTree = "<group>"; };
		979B442D1F25D3750043DFDA /* ViewController.h */ = {isa = PBXFileReference; lastKnownFileType = sourcecode.c.h; path = ViewController.h; sourceTree = "<group>"; };
		979B442E1F25D3750043DFDA /* ViewController.m */ = {isa = PBXFileReference; lastKnownFileType = sourcecode.c.objc; path = ViewController.m; sourceTree = "<group>"; };
		979B44311F25D3750043DFDA /* Base */ = {isa = PBXFileReference; lastKnownFileType = file.storyboard; name = Base; path = Base.lproj/Main.storyboard; sourceTree = "<group>"; };
		979B44331F25D3750043DFDA /* Assets.xcassets */ = {isa = PBXFileReference; lastKnownFileType = folder.assetcatalog; path = Assets.xcassets; sourceTree = "<group>"; };
		979B44361F25D3750043DFDA /* Base */ = {isa = PBXFileReference; lastKnownFileType = file.storyboard; name = Base; path = Base.lproj/LaunchScreen.storyboard; sourceTree = "<group>"; };
		979B44381F25D3750043DFDA /* Info.plist */ = {isa = PBXFileReference; lastKnownFileType = text.plist.xml; path = Info.plist; sourceTree = "<group>"; };
		979B443F1F25D3A00043DFDA /* NSArray+ESJson.h */ = {isa = PBXFileReference; fileEncoding = 4; lastKnownFileType = sourcecode.c.h; path = "NSArray+ESJson.h"; sourceTree = "<group>"; };
		979B44401F25D3A00043DFDA /* NSArray+ESJson.m */ = {isa = PBXFileReference; fileEncoding = 4; lastKnownFileType = sourcecode.c.objc; path = "NSArray+ESJson.m"; sourceTree = "<group>"; };
		979B44BE1F25E1CF0043DFDA /* NSAttributedString+ESGenerate.h */ = {isa = PBXFileReference; fileEncoding = 4; lastKnownFileType = sourcecode.c.h; path = "NSAttributedString+ESGenerate.h"; sourceTree = "<group>"; };
		979B44BF1F25E1CF0043DFDA /* NSAttributedString+ESGenerate.m */ = {isa = PBXFileReference; fileEncoding = 4; lastKnownFileType = sourcecode.c.objc; path = "NSAttributedString+ESGenerate.m"; sourceTree = "<group>"; };
		979B44C21F25E3520043DFDA /* UIColor+ESGenerate.h */ = {isa = PBXFileReference; fileEncoding = 4; lastKnownFileType = sourcecode.c.h; path = "UIColor+ESGenerate.h"; sourceTree = "<group>"; };
		979B44C31F25E3520043DFDA /* UIColor+ESGenerate.m */ = {isa = PBXFileReference; fileEncoding = 4; lastKnownFileType = sourcecode.c.objc; path = "UIColor+ESGenerate.m"; sourceTree = "<group>"; };
		979B44C61F25E47E0043DFDA /* NSDate+ESComponent.h */ = {isa = PBXFileReference; fileEncoding = 4; lastKnownFileType = sourcecode.c.h; path = "NSDate+ESComponent.h"; sourceTree = "<group>"; };
		979B44C71F25E47E0043DFDA /* NSDate+ESComponent.m */ = {isa = PBXFileReference; fileEncoding = 4; lastKnownFileType = sourcecode.c.objc; path = "NSDate+ESComponent.m"; sourceTree = "<group>"; };
		979B44C91F25E4940043DFDA /* NSDate+ESFormat.h */ = {isa = PBXFileReference; fileEncoding = 4; lastKnownFileType = sourcecode.c.h; path = "NSDate+ESFormat.h"; sourceTree = "<group>"; };
		979B44CA1F25E4940043DFDA /* NSDate+ESFormat.m */ = {isa = PBXFileReference; fileEncoding = 4; lastKnownFileType = sourcecode.c.objc; path = "NSDate+ESFormat.m"; sourceTree = "<group>"; };
		979B44CC1F25E4A80043DFDA /* NSDate+ESFunction.h */ = {isa = PBXFileReference; fileEncoding = 4; lastKnownFileType = sourcecode.c.h; path = "NSDate+ESFunction.h"; sourceTree = "<group>"; };
		979B44CD1F25E4A80043DFDA /* NSDate+ESFunction.m */ = {isa = PBXFileReference; fileEncoding = 4; lastKnownFileType = sourcecode.c.objc; path = "NSDate+ESFunction.m"; sourceTree = "<group>"; };
		979B44D01F25E6C20043DFDA /* NSData+ESConversion.h */ = {isa = PBXFileReference; fileEncoding = 4; lastKnownFileType = sourcecode.c.h; path = "NSData+ESConversion.h"; sourceTree = "<group>"; };
		979B44D11F25E6C20043DFDA /* NSData+ESConversion.m */ = {isa = PBXFileReference; fileEncoding = 4; lastKnownFileType = sourcecode.c.objc; path = "NSData+ESConversion.m"; sourceTree = "<group>"; };
		979B44D41F25E80F0043DFDA /* NSDictionary+ESJson.h */ = {isa = PBXFileReference; fileEncoding = 4; lastKnownFileType = sourcecode.c.h; path = "NSDictionary+ESJson.h"; sourceTree = "<group>"; };
		979B44D51F25E80F0043DFDA /* NSDictionary+ESJson.m */ = {isa = PBXFileReference; fileEncoding = 4; lastKnownFileType = sourcecode.c.objc; path = "NSDictionary+ESJson.m"; sourceTree = "<group>"; };
		979B44D81F25E9060043DFDA /* UIView+ESFrame.h */ = {isa = PBXFileReference; fileEncoding = 4; lastKnownFileType = sourcecode.c.h; path = "UIView+ESFrame.h"; sourceTree = "<group>"; };
		979B44D91F25E9060043DFDA /* UIView+ESFrame.m */ = {isa = PBXFileReference; fileEncoding = 4; lastKnownFileType = sourcecode.c.objc; path = "UIView+ESFrame.m"; sourceTree = "<group>"; };
		979B44DC1F25E9A70043DFDA /* UINavigationController+ESNavigationBar.h */ = {isa = PBXFileReference; fileEncoding = 4; lastKnownFileType = sourcecode.c.h; path = "UINavigationController+ESNavigationBar.h"; sourceTree = "<group>"; };
		979B44DD1F25E9A70043DFDA /* UINavigationController+ESNavigationBar.m */ = {isa = PBXFileReference; fileEncoding = 4; lastKnownFileType = sourcecode.c.objc; path = "UINavigationController+ESNavigationBar.m"; sourceTree = "<group>"; };
		979B44E01F25EA280043DFDA /* UIImage+ESBitmap.h */ = {isa = PBXFileReference; fileEncoding = 4; lastKnownFileType = sourcecode.c.h; path = "UIImage+ESBitmap.h"; sourceTree = "<group>"; };
		979B44E11F25EA280043DFDA /* UIImage+ESBitmap.m */ = {isa = PBXFileReference; fileEncoding = 4; lastKnownFileType = sourcecode.c.objc; path = "UIImage+ESBitmap.m"; sourceTree = "<group>"; };
		979B44E41F25EAA30043DFDA /* NSString+ESSize.h */ = {isa = PBXFileReference; fileEncoding = 4; lastKnownFileType = sourcecode.c.h; path = "NSString+ESSize.h"; sourceTree = "<group>"; };
		979B44E51F25EAA30043DFDA /* NSString+ESSize.m */ = {isa = PBXFileReference; fileEncoding = 4; lastKnownFileType = sourcecode.c.objc; path = "NSString+ESSize.m"; sourceTree = "<group>"; };
		979B44E71F25EBC60043DFDA /* NSString+ESFormat.h */ = {isa = PBXFileReference; fileEncoding = 4; lastKnownFileType = sourcecode.c.h; path = "NSString+ESFormat.h"; sourceTree = "<group>"; };
		979B44E81F25EBC60043DFDA /* NSString+ESFormat.m */ = {isa = PBXFileReference; fileEncoding = 4; lastKnownFileType = sourcecode.c.objc; path = "NSString+ESFormat.m"; sourceTree = "<group>"; };
		979B44EB1F25EC490043DFDA /* UIDevice+ESInfo.h */ = {isa = PBXFileReference; fileEncoding = 4; lastKnownFileType = sourcecode.c.h; path = "UIDevice+ESInfo.h"; sourceTree = "<group>"; };
		979B44EC1F25EC490043DFDA /* UIDevice+ESInfo.m */ = {isa = PBXFileReference; fileEncoding = 4; lastKnownFileType = sourcecode.c.objc; path = "UIDevice+ESInfo.m"; sourceTree = "<group>"; };
		979B44EF1F25ECC50043DFDA /* UITextField+ESProperty.h */ = {isa = PBXFileReference; fileEncoding = 4; lastKnownFileType = sourcecode.c.h; path = "UITextField+ESProperty.h"; sourceTree = "<group>"; };
		979B44F01F25ECC50043DFDA /* UITextField+ESProperty.m */ = {isa = PBXFileReference; fileEncoding = 4; lastKnownFileType = sourcecode.c.objc; path = "UITextField+ESProperty.m"; sourceTree = "<group>"; };
		979B44F31F25ED390043DFDA /* NSBundle+ESApplication.h */ = {isa = PBXFileReference; fileEncoding = 4; lastKnownFileType = sourcecode.c.h; path = "NSBundle+ESApplication.h"; sourceTree = "<group>"; };
		979B44F41F25ED390043DFDA /* NSBundle+ESApplication.m */ = {isa = PBXFileReference; fileEncoding = 4; lastKnownFileType = sourcecode.c.objc; path = "NSBundle+ESApplication.m"; sourceTree = "<group>"; };
		979B44F71F25ED910043DFDA /* NSUserDefaults+ESStorage.h */ = {isa = PBXFileReference; fileEncoding = 4; lastKnownFileType = sourcecode.c.h; path = "NSUserDefaults+ESStorage.h"; sourceTree = "<group>"; };
		979B44F81F25ED910043DFDA /* NSUserDefaults+ESStorage.m */ = {isa = PBXFileReference; fileEncoding = 4; lastKnownFileType = sourcecode.c.objc; path = "NSUserDefaults+ESStorage.m"; sourceTree = "<group>"; };
		979B44FB1F25EE110043DFDA /* UIApplication+ESFunction.h */ = {isa = PBXFileReference; fileEncoding = 4; lastKnownFileType = sourcecode.c.h; path = "UIApplication+ESFunction.h"; sourceTree = "<group>"; };
		979B44FC1F25EE110043DFDA /* UIApplication+ESFunction.m */ = {isa = PBXFileReference; fileEncoding = 4; lastKnownFileType = sourcecode.c.objc; path = "UIApplication+ESFunction.m"; sourceTree = "<group>"; };
		979B45021F25F9B70043DFDA /* UIScreen+ESSize.h */ = {isa = PBXFileReference; fileEncoding = 4; lastKnownFileType = sourcecode.c.h; path = "UIScreen+ESSize.h"; sourceTree = "<group>"; };
		979B45031F25F9B70043DFDA /* UIScreen+ESSize.m */ = {isa = PBXFileReference; fileEncoding = 4; lastKnownFileType = sourcecode.c.objc; path = "UIScreen+ESSize.m"; sourceTree = "<group>"; };
		97B514EB1F684D6C0052769A /* UINavigationController+ESViewController.h */ = {isa = PBXFileReference; fileEncoding = 4; lastKnownFileType = sourcecode.c.h; path = "UINavigationController+ESViewController.h"; sourceTree = "<group>"; };
		97B514EC1F684D6C0052769A /* UINavigationController+ESViewController.m */ = {isa = PBXFileReference; fileEncoding = 4; lastKnownFileType = sourcecode.c.objc; path = "UINavigationController+ESViewController.m"; sourceTree = "<group>"; };
/* End PBXFileReference section */

/* Begin PBXFrameworksBuildPhase section */
		979B44211F25D3750043DFDA /* Frameworks */ = {
			isa = PBXFrameworksBuildPhase;
			buildActionMask = 2147483647;
			files = (
				3FB15ED9DFB7100BCCC3D2D7 /* libPods-ESCategory.a in Frameworks */,
			);
			runOnlyForDeploymentPostprocessing = 0;
		};
/* End PBXFrameworksBuildPhase section */

/* Begin PBXGroup section */
		970FD7761F6BAE7E0010E1BD /* NSNumber */ = {
			isa = PBXGroup;
			children = (
				970FD7771F6BAE930010E1BD /* NSNumber+ESFormat.h */,
				970FD7781F6BAE930010E1BD /* NSNumber+ESFormat.m */,
			);
			path = NSNumber;
			sourceTree = "<group>";
		};
		979B441B1F25D3750043DFDA = {
			isa = PBXGroup;
			children = (
				979B44261F25D3750043DFDA /* ESCategory */,
				979B44251F25D3750043DFDA /* Products */,
				C95D80BE00DC51DF867080E9 /* Pods */,
				ABD859098DC92AD67259628B /* Frameworks */,
			);
			sourceTree = "<group>";
		};
		979B44251F25D3750043DFDA /* Products */ = {
			isa = PBXGroup;
			children = (
				979B44241F25D3750043DFDA /* ESCategory.app */,
			);
			name = Products;
			sourceTree = "<group>";
		};
		979B44261F25D3750043DFDA /* ESCategory */ = {
			isa = PBXGroup;
			children = (
				970FD7761F6BAE7E0010E1BD /* NSNumber */,
				979B44FA1F25EE030043DFDA /* UIApplication */,
				979B44F61F25ED790043DFDA /* NSUserDefaults */,
				979B44F21F25ED1C0043DFDA /* NSBundle */,
				979B44EE1F25ECB30043DFDA /* UITextField */,
				979B44EA1F25EC310043DFDA /* UIDevice */,
				979B44E31F25EA900043DFDA /* NSString */,
				979B44DF1F25EA140043DFDA /* UIImage */,
				979B44DB1F25E98D0043DFDA /* UINavigationController */,
				979B44D71F25E8F60043DFDA /* UIView */,
				979B44D31F25E7F80043DFDA /* NSDictionary */,
				979B44CF1F25E6AB0043DFDA /* NSData */,
				979B44C51F25E4630043DFDA /* NSDate */,
				979B44C11F25E3380043DFDA /* UIColor */,
				979B44B71F25E1110043DFDA /* NSAttributedString */,
				979B443E1F25D3960043DFDA /* NSArray */,
				979B442A1F25D3750043DFDA /* AppDelegate.h */,
				979B442B1F25D3750043DFDA /* AppDelegate.m */,
				979B442D1F25D3750043DFDA /* ViewController.h */,
				979B442E1F25D3750043DFDA /* ViewController.m */,
				979B44301F25D3750043DFDA /* Main.storyboard */,
				979B44331F25D3750043DFDA /* Assets.xcassets */,
				979B44351F25D3750043DFDA /* LaunchScreen.storyboard */,
				979B44381F25D3750043DFDA /* Info.plist */,
				979B44271F25D3750043DFDA /* Supporting Files */,
			);
			path = ESCategory;
			sourceTree = "<group>";
		};
		979B44271F25D3750043DFDA /* Supporting Files */ = {
			isa = PBXGroup;
			children = (
				979B44281F25D3750043DFDA /* main.m */,
			);
			name = "Supporting Files";
			sourceTree = "<group>";
		};
		979B443E1F25D3960043DFDA /* NSArray */ = {
			isa = PBXGroup;
			children = (
				979B443F1F25D3A00043DFDA /* NSArray+ESJson.h */,
				979B44401F25D3A00043DFDA /* NSArray+ESJson.m */,
			);
			path = NSArray;
			sourceTree = "<group>";
		};
		979B44B71F25E1110043DFDA /* NSAttributedString */ = {
			isa = PBXGroup;
			children = (
				979B44BE1F25E1CF0043DFDA /* NSAttributedString+ESGenerate.h */,
				979B44BF1F25E1CF0043DFDA /* NSAttributedString+ESGenerate.m */,
			);
			path = NSAttributedString;
			sourceTree = "<group>";
		};
		979B44C11F25E3380043DFDA /* UIColor */ = {
			isa = PBXGroup;
			children = (
				979B44C21F25E3520043DFDA /* UIColor+ESGenerate.h */,
				979B44C31F25E3520043DFDA /* UIColor+ESGenerate.m */,
			);
			path = UIColor;
			sourceTree = "<group>";
		};
		979B44C51F25E4630043DFDA /* NSDate */ = {
			isa = PBXGroup;
			children = (
				979B44C61F25E47E0043DFDA /* NSDate+ESComponent.h */,
				979B44C71F25E47E0043DFDA /* NSDate+ESComponent.m */,
				979B44C91F25E4940043DFDA /* NSDate+ESFormat.h */,
				979B44CA1F25E4940043DFDA /* NSDate+ESFormat.m */,
				979B44CC1F25E4A80043DFDA /* NSDate+ESFunction.h */,
				979B44CD1F25E4A80043DFDA /* NSDate+ESFunction.m */,
			);
			path = NSDate;
			sourceTree = "<group>";
		};
		979B44CF1F25E6AB0043DFDA /* NSData */ = {
			isa = PBXGroup;
			children = (
				979B44D01F25E6C20043DFDA /* NSData+ESConversion.h */,
				979B44D11F25E6C20043DFDA /* NSData+ESConversion.m */,
			);
			path = NSData;
			sourceTree = "<group>";
		};
		979B44D31F25E7F80043DFDA /* NSDictionary */ = {
			isa = PBXGroup;
			children = (
				979B44D41F25E80F0043DFDA /* NSDictionary+ESJson.h */,
				979B44D51F25E80F0043DFDA /* NSDictionary+ESJson.m */,
			);
			path = NSDictionary;
			sourceTree = "<group>";
		};
		979B44D71F25E8F60043DFDA /* UIView */ = {
			isa = PBXGroup;
			children = (
				979B44D81F25E9060043DFDA /* UIView+ESFrame.h */,
				979B44D91F25E9060043DFDA /* UIView+ESFrame.m */,
				9788F12A1F260D9A00F25625 /* UIView+ESHud.h */,
				9788F12B1F260D9A00F25625 /* UIView+ESHud.m */,
				974F228E1FCBF6AA00968A13 /* UIView+ESBitmap.h */,
				974F228F1FCBF6AA00968A13 /* UIView+ESBitmap.m */,
			);
			path = UIView;
			sourceTree = "<group>";
		};
		979B44DB1F25E98D0043DFDA /* UINavigationController */ = {
			isa = PBXGroup;
			children = (
				979B44DC1F25E9A70043DFDA /* UINavigationController+ESNavigationBar.h */,
				979B44DD1F25E9A70043DFDA /* UINavigationController+ESNavigationBar.m */,
				97B514EB1F684D6C0052769A /* UINavigationController+ESViewController.h */,
				97B514EC1F684D6C0052769A /* UINavigationController+ESViewController.m */,
			);
			path = UINavigationController;
			sourceTree = "<group>";
		};
		979B44DF1F25EA140043DFDA /* UIImage */ = {
			isa = PBXGroup;
			children = (
				979B44E01F25EA280043DFDA /* UIImage+ESBitmap.h */,
				979B44E11F25EA280043DFDA /* UIImage+ESBitmap.m */,
			);
			path = UIImage;
			sourceTree = "<group>";
		};
		979B44E31F25EA900043DFDA /* NSString */ = {
			isa = PBXGroup;
			children = (
				979B44E41F25EAA30043DFDA /* NSString+ESSize.h */,
				979B44E51F25EAA30043DFDA /* NSString+ESSize.m */,
				979B44E71F25EBC60043DFDA /* NSString+ESFormat.h */,
				979B44E81F25EBC60043DFDA /* NSString+ESFormat.m */,
				9786BFA21F8C7826007DA398 /* NSString+ESEmoji.h */,
				9786BFA31F8C7826007DA398 /* NSString+ESEmoji.m */,
			);
			path = NSString;
			sourceTree = "<group>";
		};
		979B44EA1F25EC310043DFDA /* UIDevice */ = {
			isa = PBXGroup;
			children = (
				979B45021F25F9B70043DFDA /* UIScreen+ESSize.h */,
				979B45031F25F9B70043DFDA /* UIScreen+ESSize.m */,
				979B44EB1F25EC490043DFDA /* UIDevice+ESInfo.h */,
				979B44EC1F25EC490043DFDA /* UIDevice+ESInfo.m */,
			);
			path = UIDevice;
			sourceTree = "<group>";
		};
		979B44EE1F25ECB30043DFDA /* UITextField */ = {
			isa = PBXGroup;
			children = (
				979B44EF1F25ECC50043DFDA /* UITextField+ESProperty.h */,
				979B44F01F25ECC50043DFDA /* UITextField+ESProperty.m */,
			);
			path = UITextField;
			sourceTree = "<group>";
		};
		979B44F21F25ED1C0043DFDA /* NSBundle */ = {
			isa = PBXGroup;
			children = (
				979B44F31F25ED390043DFDA /* NSBundle+ESApplication.h */,
				979B44F41F25ED390043DFDA /* NSBundle+ESApplication.m */,
			);
			path = NSBundle;
			sourceTree = "<group>";
		};
		979B44F61F25ED790043DFDA /* NSUserDefaults */ = {
			isa = PBXGroup;
			children = (
				979B44F71F25ED910043DFDA /* NSUserDefaults+ESStorage.h */,
				979B44F81F25ED910043DFDA /* NSUserDefaults+ESStorage.m */,
			);
			path = NSUserDefaults;
			sourceTree = "<group>";
		};
		979B44FA1F25EE030043DFDA /* UIApplication */ = {
			isa = PBXGroup;
			children = (
				979B44FB1F25EE110043DFDA /* UIApplication+ESFunction.h */,
				979B44FC1F25EE110043DFDA /* UIApplication+ESFunction.m */,
			);
			path = UIApplication;
			sourceTree = "<group>";
		};
		ABD859098DC92AD67259628B /* Frameworks */ = {
			isa = PBXGroup;
			children = (
				0E918E5499CFDEC778993849 /* libPods-ESCategory.a */,
			);
			name = Frameworks;
			sourceTree = "<group>";
		};
		C95D80BE00DC51DF867080E9 /* Pods */ = {
			isa = PBXGroup;
			children = (
				287278AB37B39F044EDDF1A1 /* Pods-ESCategory.debug.xcconfig */,
				0FAAD4470A3341FF63900315 /* Pods-ESCategory.release.xcconfig */,
			);
			name = Pods;
			sourceTree = "<group>";
		};
/* End PBXGroup section */

/* Begin PBXNativeTarget section */
		979B44231F25D3750043DFDA /* ESCategory */ = {
			isa = PBXNativeTarget;
			buildConfigurationList = 979B443B1F25D3750043DFDA /* Build configuration list for PBXNativeTarget "ESCategory" */;
			buildPhases = (
				38EAA9BB0D4A3844FD412C00 /* [CP] Check Pods Manifest.lock */,
				979B44201F25D3750043DFDA /* Sources */,
				979B44211F25D3750043DFDA /* Frameworks */,
				979B44221F25D3750043DFDA /* Resources */,
				097D73A0E3315F35F282F423 /* [CP] Embed Pods Frameworks */,
				BFF0AB0376B57D69ABFA0400 /* [CP] Copy Pods Resources */,
			);
			buildRules = (
			);
			dependencies = (
			);
			name = ESCategory;
			productName = ESCategory;
			productReference = 979B44241F25D3750043DFDA /* ESCategory.app */;
			productType = "com.apple.product-type.application";
		};
/* End PBXNativeTarget section */

/* Begin PBXProject section */
		979B441C1F25D3750043DFDA /* Project object */ = {
			isa = PBXProject;
			attributes = {
				LastUpgradeCheck = 0900;
				ORGANIZATIONNAME = codeLocker;
				TargetAttributes = {
					979B44231F25D3750043DFDA = {
						CreatedOnToolsVersion = 8.3.3;
						DevelopmentTeam = EGNU2YN2XY;
						ProvisioningStyle = Automatic;
					};
				};
			};
			buildConfigurationList = 979B441F1F25D3750043DFDA /* Build configuration list for PBXProject "ESCategory" */;
			compatibilityVersion = "Xcode 3.2";
			developmentRegion = English;
			hasScannedForEncodings = 0;
			knownRegions = (
				en,
				Base,
			);
			mainGroup = 979B441B1F25D3750043DFDA;
			productRefGroup = 979B44251F25D3750043DFDA /* Products */;
			projectDirPath = "";
			projectRoot = "";
			targets = (
				979B44231F25D3750043DFDA /* ESCategory */,
			);
		};
/* End PBXProject section */

/* Begin PBXResourcesBuildPhase section */
		979B44221F25D3750043DFDA /* Resources */ = {
			isa = PBXResourcesBuildPhase;
			buildActionMask = 2147483647;
			files = (
				979B44371F25D3750043DFDA /* LaunchScreen.storyboard in Resources */,
				979B44341F25D3750043DFDA /* Assets.xcassets in Resources */,
				979B44321F25D3750043DFDA /* Main.storyboard in Resources */,
			);
			runOnlyForDeploymentPostprocessing = 0;
		};
/* End PBXResourcesBuildPhase section */

/* Begin PBXShellScriptBuildPhase section */
		097D73A0E3315F35F282F423 /* [CP] Embed Pods Frameworks */ = {
			isa = PBXShellScriptBuildPhase;
			buildActionMask = 2147483647;
			files = (
			);
			inputPaths = (
			);
			name = "[CP] Embed Pods Frameworks";
			outputPaths = (
			);
			runOnlyForDeploymentPostprocessing = 0;
			shellPath = /bin/sh;
			shellScript = "\"${SRCROOT}/Pods/Target Support Files/Pods-ESCategory/Pods-ESCategory-frameworks.sh\"\n";
			showEnvVarsInLog = 0;
		};
		38EAA9BB0D4A3844FD412C00 /* [CP] Check Pods Manifest.lock */ = {
			isa = PBXShellScriptBuildPhase;
			buildActionMask = 2147483647;
			files = (
			);
			inputPaths = (
				"${PODS_PODFILE_DIR_PATH}/Podfile.lock",
				"${PODS_ROOT}/Manifest.lock",
			);
			name = "[CP] Check Pods Manifest.lock";
			outputPaths = (
				"$(DERIVED_FILE_DIR)/Pods-ESCategory-checkManifestLockResult.txt",
			);
			runOnlyForDeploymentPostprocessing = 0;
			shellPath = /bin/sh;
			shellScript = "diff \"${PODS_PODFILE_DIR_PATH}/Podfile.lock\" \"${PODS_ROOT}/Manifest.lock\" > /dev/null\nif [ $? != 0 ] ; then\n    # print error to STDERR\n    echo \"error: The sandbox is not in sync with the Podfile.lock. Run 'pod install' or update your CocoaPods installation.\" >&2\n    exit 1\nfi\n# This output is used by Xcode 'outputs' to avoid re-running this script phase.\necho \"SUCCESS\" > \"${SCRIPT_OUTPUT_FILE_0}\"\n";
			showEnvVarsInLog = 0;
		};
		BFF0AB0376B57D69ABFA0400 /* [CP] Copy Pods Resources */ = {
			isa = PBXShellScriptBuildPhase;
			buildActionMask = 2147483647;
			files = (
			);
			inputPaths = (
			);
			name = "[CP] Copy Pods Resources";
			outputPaths = (
			);
			runOnlyForDeploymentPostprocessing = 0;
			shellPath = /bin/sh;
			shellScript = "\"${SRCROOT}/Pods/Target Support Files/Pods-ESCategory/Pods-ESCategory-resources.sh\"\n";
			showEnvVarsInLog = 0;
		};
/* End PBXShellScriptBuildPhase section */

/* Begin PBXSourcesBuildPhase section */
		979B44201F25D3750043DFDA /* Sources */ = {
			isa = PBXSourcesBuildPhase;
			buildActionMask = 2147483647;
			files = (
				9786BFA41F8C7826007DA398 /* NSString+ESEmoji.m in Sources */,
				979B44411F25D3A00043DFDA /* NSArray+ESJson.m in Sources */,
				979B44F51F25ED390043DFDA /* NSBundle+ESApplication.m in Sources */,
				979B442F1F25D3750043DFDA /* ViewController.m in Sources */,
				979B44E91F25EBC60043DFDA /* NSString+ESFormat.m in Sources */,
				979B45041F25F9B70043DFDA /* UIScreen+ESSize.m in Sources */,
				979B44C41F25E3520043DFDA /* UIColor+ESGenerate.m in Sources */,
				979B44F91F25ED910043DFDA /* NSUserDefaults+ESStorage.m in Sources */,
				979B44F11F25ECC50043DFDA /* UITextField+ESProperty.m in Sources */,
				970FD7791F6BAE930010E1BD /* NSNumber+ESFormat.m in Sources */,
				974F22901FCBF6AA00968A13 /* UIView+ESBitmap.m in Sources */,
				97B514ED1F684D6C0052769A /* UINavigationController+ESViewController.m in Sources */,
				979B44C81F25E47E0043DFDA /* NSDate+ESComponent.m in Sources */,
				979B44DE1F25E9A70043DFDA /* UINavigationController+ESNavigationBar.m in Sources */,
				979B44CE1F25E4A80043DFDA /* NSDate+ESFunction.m in Sources */,
				979B44E21F25EA280043DFDA /* UIImage+ESBitmap.m in Sources */,
				979B442C1F25D3750043DFDA /* AppDelegate.m in Sources */,
				9788F12C1F260D9A00F25625 /* UIView+ESHud.m in Sources */,
				979B44DA1F25E9060043DFDA /* UIView+ESFrame.m in Sources */,
				979B44D21F25E6C20043DFDA /* NSData+ESConversion.m in Sources */,
				979B44FD1F25EE110043DFDA /* UIApplication+ESFunction.m in Sources */,
				979B44ED1F25EC490043DFDA /* UIDevice+ESInfo.m in Sources */,
				979B44291F25D3750043DFDA /* main.m in Sources */,
				979B44D61F25E80F0043DFDA /* NSDictionary+ESJson.m in Sources */,
				979B44E61F25EAA30043DFDA /* NSString+ESSize.m in Sources */,
				979B44C01F25E1CF0043DFDA /* NSAttributedString+ESGenerate.m in Sources */,
				979B44CB1F25E4940043DFDA /* NSDate+ESFormat.m in Sources */,
			);
			runOnlyForDeploymentPostprocessing = 0;
		};
/* End PBXSourcesBuildPhase section */

/* Begin PBXVariantGroup section */
		979B44301F25D3750043DFDA /* Main.storyboard */ = {
			isa = PBXVariantGroup;
			children = (
				979B44311F25D3750043DFDA /* Base */,
			);
			name = Main.storyboard;
			sourceTree = "<group>";
		};
		979B44351F25D3750043DFDA /* LaunchScreen.storyboard */ = {
			isa = PBXVariantGroup;
			children = (
				979B44361F25D3750043DFDA /* Base */,
			);
			name = LaunchScreen.storyboard;
			sourceTree = "<group>";
		};
/* End PBXVariantGroup section */

/* Begin XCBuildConfiguration section */
		979B44391F25D3750043DFDA /* Debug */ = {
			isa = XCBuildConfiguration;
			buildSettings = {
				ALWAYS_SEARCH_USER_PATHS = NO;
				CLANG_ANALYZER_NONNULL = YES;
				CLANG_ANALYZER_NUMBER_OBJECT_CONVERSION = YES_AGGRESSIVE;
				CLANG_CXX_LANGUAGE_STANDARD = "gnu++0x";
				CLANG_CXX_LIBRARY = "libc++";
				CLANG_ENABLE_MODULES = YES;
				CLANG_ENABLE_OBJC_ARC = YES;
				CLANG_WARN_BLOCK_CAPTURE_AUTORELEASING = YES;
				CLANG_WARN_BOOL_CONVERSION = YES;
				CLANG_WARN_COMMA = YES;
				CLANG_WARN_CONSTANT_CONVERSION = YES;
				CLANG_WARN_DIRECT_OBJC_ISA_USAGE = YES_ERROR;
				CLANG_WARN_DOCUMENTATION_COMMENTS = YES;
				CLANG_WARN_EMPTY_BODY = YES;
				CLANG_WARN_ENUM_CONVERSION = YES;
				CLANG_WARN_INFINITE_RECURSION = YES;
				CLANG_WARN_INT_CONVERSION = YES;
				CLANG_WARN_NON_LITERAL_NULL_CONVERSION = YES;
				CLANG_WARN_OBJC_LITERAL_CONVERSION = YES;
				CLANG_WARN_OBJC_ROOT_CLASS = YES_ERROR;
				CLANG_WARN_RANGE_LOOP_ANALYSIS = YES;
				CLANG_WARN_STRICT_PROTOTYPES = YES;
				CLANG_WARN_SUSPICIOUS_MOVE = YES;
				CLANG_WARN_UNREACHABLE_CODE = YES;
				CLANG_WARN__DUPLICATE_METHOD_MATCH = YES;
				"CODE_SIGN_IDENTITY[sdk=iphoneos*]" = "iPhone Developer";
				COPY_PHASE_STRIP = NO;
				DEBUG_INFORMATION_FORMAT = dwarf;
				ENABLE_STRICT_OBJC_MSGSEND = YES;
				ENABLE_TESTABILITY = YES;
				GCC_C_LANGUAGE_STANDARD = gnu99;
				GCC_DYNAMIC_NO_PIC = NO;
				GCC_NO_COMMON_BLOCKS = YES;
				GCC_OPTIMIZATION_LEVEL = 0;
				GCC_PREPROCESSOR_DEFINITIONS = (
					"DEBUG=1",
					"$(inherited)",
				);
				GCC_WARN_64_TO_32_BIT_CONVERSION = YES;
				GCC_WARN_ABOUT_RETURN_TYPE = YES_ERROR;
				GCC_WARN_UNDECLARED_SELECTOR = YES;
				GCC_WARN_UNINITIALIZED_AUTOS = YES_AGGRESSIVE;
				GCC_WARN_UNUSED_FUNCTION = YES;
				GCC_WARN_UNUSED_VARIABLE = YES;
				IPHONEOS_DEPLOYMENT_TARGET = 10.3;
				MTL_ENABLE_DEBUG_INFO = YES;
				ONLY_ACTIVE_ARCH = YES;
				SDKROOT = iphoneos;
				TARGETED_DEVICE_FAMILY = "1,2";
			};
			name = Debug;
		};
		979B443A1F25D3750043DFDA /* Release */ = {
			isa = XCBuildConfiguration;
			buildSettings = {
				ALWAYS_SEARCH_USER_PATHS = NO;
				CLANG_ANALYZER_NONNULL = YES;
				CLANG_ANALYZER_NUMBER_OBJECT_CONVERSION = YES_AGGRESSIVE;
				CLANG_CXX_LANGUAGE_STANDARD = "gnu++0x";
				CLANG_CXX_LIBRARY = "libc++";
				CLANG_ENABLE_MODULES = YES;
				CLANG_ENABLE_OBJC_ARC = YES;
				CLANG_WARN_BLOCK_CAPTURE_AUTORELEASING = YES;
				CLANG_WARN_BOOL_CONVERSION = YES;
				CLANG_WARN_COMMA = YES;
				CLANG_WARN_CONSTANT_CONVERSION = YES;
				CLANG_WARN_DIRECT_OBJC_ISA_USAGE = YES_ERROR;
				CLANG_WARN_DOCUMENTATION_COMMENTS = YES;
				CLANG_WARN_EMPTY_BODY = YES;
				CLANG_WARN_ENUM_CONVERSION = YES;
				CLANG_WARN_INFINITE_RECURSION = YES;
				CLANG_WARN_INT_CONVERSION = YES;
				CLANG_WARN_NON_LITERAL_NULL_CONVERSION = YES;
				CLANG_WARN_OBJC_LITERAL_CONVERSION = YES;
				CLANG_WARN_OBJC_ROOT_CLASS = YES_ERROR;
				CLANG_WARN_RANGE_LOOP_ANALYSIS = YES;
				CLANG_WARN_STRICT_PROTOTYPES = YES;
				CLANG_WARN_SUSPICIOUS_MOVE = YES;
				CLANG_WARN_UNREACHABLE_CODE = YES;
				CLANG_WARN__DUPLICATE_METHOD_MATCH = YES;
				"CODE_SIGN_IDENTITY[sdk=iphoneos*]" = "iPhone Developer";
				COPY_PHASE_STRIP = NO;
				DEBUG_INFORMATION_FORMAT = "dwarf-with-dsym";
				ENABLE_NS_ASSERTIONS = NO;
				ENABLE_STRICT_OBJC_MSGSEND = YES;
				GCC_C_LANGUAGE_STANDARD = gnu99;
				GCC_NO_COMMON_BLOCKS = YES;
				GCC_WARN_64_TO_32_BIT_CONVERSION = YES;
				GCC_WARN_ABOUT_RETURN_TYPE = YES_ERROR;
				GCC_WARN_UNDECLARED_SELECTOR = YES;
				GCC_WARN_UNINITIALIZED_AUTOS = YES_AGGRESSIVE;
				GCC_WARN_UNUSED_FUNCTION = YES;
				GCC_WARN_UNUSED_VARIABLE = YES;
				IPHONEOS_DEPLOYMENT_TARGET = 10.3;
				MTL_ENABLE_DEBUG_INFO = NO;
				SDKROOT = iphoneos;
				TARGETED_DEVICE_FAMILY = "1,2";
				VALIDATE_PRODUCT = YES;
			};
			name = Release;
		};
		979B443C1F25D3750043DFDA /* Debug */ = {
			isa = XCBuildConfiguration;
			baseConfigurationReference = 287278AB37B39F044EDDF1A1 /* Pods-ESCategory.debug.xcconfig */;
			buildSettings = {
				ASSETCATALOG_COMPILER_APPICON_NAME = AppIcon;
				DEVELOPMENT_TEAM = EGNU2YN2XY;
				INFOPLIST_FILE = ESCategory/Info.plist;
				LD_RUNPATH_SEARCH_PATHS = "$(inherited) @executable_path/Frameworks";
				PRODUCT_BUNDLE_IDENTIFIER = codeLocker.ESCategory;
				PRODUCT_NAME = "$(TARGET_NAME)";
			};
			name = Debug;
		};
		979B443D1F25D3750043DFDA /* Release */ = {
			isa = XCBuildConfiguration;
			baseConfigurationReference = 0FAAD4470A3341FF63900315 /* Pods-ESCategory.release.xcconfig */;
			buildSettings = {
				ASSETCATALOG_COMPILER_APPICON_NAME = AppIcon;
				DEVELOPMENT_TEAM = EGNU2YN2XY;
				INFOPLIST_FILE = ESCategory/Info.plist;
				LD_RUNPATH_SEARCH_PATHS = "$(inherited) @executable_path/Frameworks";
				PRODUCT_BUNDLE_IDENTIFIER = codeLocker.ESCategory;
				PRODUCT_NAME = "$(TARGET_NAME)";
			};
			name = Release;
		};
/* End XCBuildConfiguration section */

/* Begin XCConfigurationList section */
		979B441F1F25D3750043DFDA /* Build configuration list for PBXProject "ESCategory" */ = {
			isa = XCConfigurationList;
			buildConfigurations = (
				979B44391F25D3750043DFDA /* Debug */,
				979B443A1F25D3750043DFDA /* Release */,
			);
			defaultConfigurationIsVisible = 0;
			defaultConfigurationName = Release;
		};
		979B443B1F25D3750043DFDA /* Build configuration list for PBXNativeTarget "ESCategory" */ = {
			isa = XCConfigurationList;
			buildConfigurations = (
				979B443C1F25D3750043DFDA /* Debug */,
				979B443D1F25D3750043DFDA /* Release */,
			);
			defaultConfigurationIsVisible = 0;
			defaultConfigurationName = Release;
		};
/* End XCConfigurationList section */
	};
	rootObject = 979B441C1F25D3750043DFDA /* Project object */;
}
